
Microsoft Visual Studio Solution File, Format Version 12.00
# Visual Studio Version 17
VisualStudioVersion = 17.14.36109.1
MinimumVisualStudioVersion = 10.0.40219.1
Project("{FAE04EC0-301F-11D3-BF4B-00C04F79EFBC}") = "UpgradedTrashCans", "UpgradedTrashCans.csproj", "{2DC9E39A-E34A-FA9D-859E-56F0339B2876}"
EndProject
Global
	GlobalSection(SolutionConfigurationPlatforms) = preSolution
		IL2CPP|Any CPU = IL2CPP|Any CPU
		IL2CPP|x64 = IL2CPP|x64
		MONO|Any CPU = MONO|Any CPU
		MONO|x64 = MONO|x64
	EndGlobalSection
	GlobalSection(ProjectConfigurationPlatforms) = postSolution
		{2DC9E39A-E34A-FA9D-859E-56F0339B2876}.IL2CPP|Any CPU.ActiveCfg = IL2CPP|Any CPU
		{2DC9E39A-E34A-FA9D-859E-56F0339B2876}.IL2CPP|Any CPU.Build.0 = IL2CPP|Any CPU
		{2DC9E39A-E34A-FA9D-859E-56F0339B2876}.IL2CPP|x64.ActiveCfg = IL2CPP|x64
		{2DC9E39A-E34A-FA9D-859E-56F0339B2876}.IL2CPP|x64.Build.0 = IL2CPP|x64
		{2DC9E39A-E34A-FA9D-859E-56F0339B2876}.MONO|Any CPU.ActiveCfg = MONO|Any CPU
		{2DC9E39A-E34A-FA9D-859E-56F0339B2876}.MONO|Any CPU.Build.0 = MONO|Any CPU
		{2DC9E39A-E34A-FA9D-859E-56F0339B2876}.MONO|x64.ActiveCfg = MONO|x64
		{2DC9E39A-E34A-FA9D-859E-56F0339B2876}.MONO|x64.Build.0 = MONO|x64
	EndGlobalSection
	GlobalSection(SolutionProperties) = preSolution
		HideSolutionNode = FALSE
	EndGlobalSection
	GlobalSection(ExtensibilityGlobals) = postSolution
		SolutionGuid = {DECF8BB4-03E2-41FD-9DD1-6D81B1BF91AF}
	EndGlobalSection
EndGlobal
